// !$*UTF8*$!
{
	archiveVersion = 1;
	classes = {
	};
	objectVersion = 46;
	objects = {

/* Begin PBXBuildFile section */
		4342FA0819E2D7D200035E04 /* main.m in Sources */ = {isa = PBXBuildFile; fileRef = 4342FA0719E2D7D200035E04 /* main.m */; };
		4342FA0B19E2D7D200035E04 /* AppDelegate.m in Sources */ = {isa = PBXBuildFile; fileRef = 4342FA0A19E2D7D200035E04 /* AppDelegate.m */; };
		4342FA0D19E2D7D200035E04 /* Images.xcassets in Resources */ = {isa = PBXBuildFile; fileRef = 4342FA0C19E2D7D200035E04 /* Images.xcassets */; };
		4342FA1019E2D7D200035E04 /* MainMenu.xib in Resources */ = {isa = PBXBuildFile; fileRef = 4342FA0E19E2D7D200035E04 /* MainMenu.xib */; };
		4342FA1C19E2D7D200035E04 /* FakturyTests.m in Sources */ = {isa = PBXBuildFile; fileRef = 4342FA1B19E2D7D200035E04 /* FakturyTests.m */; };
/* End PBXBuildFile section */

/* Begin PBXContainerItemProxy section */
		4342FA1619E2D7D200035E04 /* PBXContainerItemProxy */ = {
			isa = PBXContainerItemProxy;
			containerPortal = 4342F9FA19E2D7D200035E04 /* Project object */;
			proxyType = 1;
			remoteGlobalIDString = 4342FA0119E2D7D200035E04;
			remoteInfo = Faktury;
		};
/* End PBXContainerItemProxy section */

/* Begin PBXFileReference section */
		4342FA0219E2D7D200035E04 /* Faktury.app */ = {isa = PBXFileReference; explicitFileType = wrapper.application; includeInIndex = 0; path = Faktury.app; sourceTree = BUILT_PRODUCTS_DIR; };
		4342FA0619E2D7D200035E04 /* Info.plist */ = {isa = PBXFileReference; lastKnownFileType = text.plist.xml; path = Info.plist; sourceTree = "<group>"; };
		4342FA0719E2D7D200035E04 /* main.m */ = {isa = PBXFileReference; lastKnownFileType = sourcecode.c.objc; path = main.m; sourceTree = "<group>"; };
		4342FA0919E2D7D200035E04 /* AppDelegate.h */ = {isa = PBXFileReference; lastKnownFileType = sourcecode.c.h; path = AppDelegate.h; sourceTree = "<group>"; };
		4342FA0A19E2D7D200035E04 /* AppDelegate.m */ = {isa = PBXFileReference; lastKnownFileType = sourcecode.c.objc; path = AppDelegate.m; sourceTree = "<group>"; };
		4342FA0C19E2D7D200035E04 /* Images.xcassets */ = {isa = PBXFileReference; lastKnownFileType = folder.assetcatalog; path = Images.xcassets; sourceTree = "<group>"; };
		4342FA0F19E2D7D200035E04 /* Base */ = {isa = PBXFileReference; lastKnownFileType = file.xib; name = Base; path = Base.lproj/MainMenu.xib; sourceTree = "<group>"; };
		4342FA1519E2D7D200035E04 /* FakturyTests.xctest */ = {isa = PBXFileReference; explicitFileType = wrapper.cfbundle; includeInIndex = 0; path = FakturyTests.xctest; sourceTree = BUILT_PRODUCTS_DIR; };
		4342FA1A19E2D7D200035E04 /* Info.plist */ = {isa = PBXFileReference; lastKnownFileType = text.plist.xml; path = Info.plist; sourceTree = "<group>"; };
		4342FA1B19E2D7D200035E04 /* FakturyTests.m */ = {isa = PBXFileReference; lastKnownFileType = sourcecode.c.objc; path = FakturyTests.m; sourceTree = "<group>"; };
/* End PBXFileReference section */

/* Begin PBXFrameworksBuildPhase section */
		4342F9FF19E2D7D200035E04 /* Frameworks */ = {
			isa = PBXFrameworksBuildPhase;
			buildActionMask = 2147483647;
			files = (
			);
			runOnlyForDeploymentPostprocessing = 0;
		};
		4342FA1219E2D7D200035E04 /* Frameworks */ = {
			isa = PBXFrameworksBuildPhase;
			buildActionMask = 2147483647;
			files = (
			);
			runOnlyForDeploymentPostprocessing = 0;
		};
/* End PBXFrameworksBuildPhase section */

/* Begin PBXGroup section */
		4342F9F919E2D7D200035E04 = {
			isa = PBXGroup;
			children = (
				4342FA0419E2D7D200035E04 /* Faktury */,
				4342FA1819E2D7D200035E04 /* FakturyTests */,
				4342FA0319E2D7D200035E04 /* Products */,
			);
			sourceTree = "<group>";
		};
		4342FA0319E2D7D200035E04 /* Products */ = {
			isa = PBXGroup;
			children = (
				4342FA0219E2D7D200035E04 /* Faktury.app */,
				4342FA1519E2D7D200035E04 /* FakturyTests.xctest */,
			);
			name = Products;
			sourceTree = "<group>";
		};
		4342FA0419E2D7D200035E04 /* Faktury */ = {
			isa = PBXGroup;
			children = (
				4342FA0919E2D7D200035E04 /* AppDelegate.h */,
				4342FA0A19E2D7D200035E04 /* AppDelegate.m */,
				4342FA0C19E2D7D200035E04 /* Images.xcassets */,
				4342FA0E19E2D7D200035E04 /* MainMenu.xib */,
				4342FA0519E2D7D200035E04 /* Supporting Files */,
			);
			path = Faktury;
			sourceTree = "<group>";
		};
		4342FA0519E2D7D200035E04 /* Supporting Files */ = {
			isa = PBXGroup;
			children = (
				4342FA0619E2D7D200035E04 /* Info.plist */,
				4342FA0719E2D7D200035E04 /* main.m */,
			);
			name = "Supporting Files";
			sourceTree = "<group>";
		};
		4342FA1819E2D7D200035E04 /* FakturyTests */ = {
			isa = PBXGroup;
			children = (
				4342FA1B19E2D7D200035E04 /* FakturyTests.m */,
				4342FA1919E2D7D200035E04 /* Supporting Files */,
			);
			path = FakturyTests;
			sourceTree = "<group>";
		};
		4342FA1919E2D7D200035E04 /* Supporting Files */ = {
			isa = PBXGroup;
			children = (
				4342FA1A19E2D7D200035E04 /* Info.plist */,
			);
			name = "Supporting Files";
			sourceTree = "<group>";
		};
/* End PBXGroup section */

/* Begin PBXNativeTarget section */
		4342FA0119E2D7D200035E04 /* Faktury */ = {
			isa = PBXNativeTarget;
			buildConfigurationList = 4342FA1F19E2D7D200035E04 /* Build configuration list for PBXNativeTarget "Faktury" */;
			buildPhases = (
				4342F9FE19E2D7D200035E04 /* Sources */,
				4342F9FF19E2D7D200035E04 /* Frameworks */,
				4342FA0019E2D7D200035E04 /* Resources */,
			);
			buildRules = (
			);
			dependencies = (
			);
			name = Faktury;
			productName = Faktury;
			productReference = 4342FA0219E2D7D200035E04 /* Faktury.app */;
			productType = "com.apple.product-type.application";
		};
		4342FA1419E2D7D200035E04 /* FakturyTests */ = {
			isa = PBXNativeTarget;
			buildConfigurationList = 4342FA2219E2D7D200035E04 /* Build configuration list for PBXNativeTarget "FakturyTests" */;
			buildPhases = (
				4342FA1119E2D7D200035E04 /* Sources */,
				4342FA1219E2D7D200035E04 /* Frameworks */,
				4342FA1319E2D7D200035E04 /* Resources */,
			);
			buildRules = (
			);
			dependencies = (
				4342FA1719E2D7D200035E04 /* PBXTargetDependency */,
			);
			name = FakturyTests;
			productName = FakturyTests;
			productReference = 4342FA1519E2D7D200035E04 /* FakturyTests.xctest */;
			productType = "com.apple.product-type.bundle.unit-test";
		};
/* End PBXNativeTarget section */

/* Begin PBXProject section */
		4342F9FA19E2D7D200035E04 /* Project object */ = {
			isa = PBXProject;
			attributes = {
				LastUpgradeCheck = 0600;
				ORGANIZATIONNAME = "ZUT-Najlepsi";
				TargetAttributes = {
					4342FA0119E2D7D200035E04 = {
						CreatedOnToolsVersion = 6.0.1;
					};
					4342FA1419E2D7D200035E04 = {
						CreatedOnToolsVersion = 6.0.1;
						TestTargetID = 4342FA0119E2D7D200035E04;
					};
				};
			};
			buildConfigurationList = 4342F9FD19E2D7D200035E04 /* Build configuration list for PBXProject "Faktury" */;
			compatibilityVersion = "Xcode 3.2";
			developmentRegion = English;
			hasScannedForEncodings = 0;
			knownRegions = (
				en,
				Base,
			);
			mainGroup = 4342F9F919E2D7D200035E04;
			productRefGroup = 4342FA0319E2D7D200035E04 /* Products */;
			projectDirPath = "";
			projectRoot = "";
			targets = (
				4342FA0119E2D7D200035E04 /* Faktury */,
				4342FA1419E2D7D200035E04 /* FakturyTests */,
			);
		};
/* End PBXProject section */

/* Begin PBXResourcesBuildPhase section */
		4342FA0019E2D7D200035E04 /* Resources */ = {
			isa = PBXResourcesBuildPhase;
			buildActionMask = 2147483647;
			files = (
				4342FA0D19E2D7D200035E04 /* Images.xcassets in Resources */,
				4342FA1019E2D7D200035E04 /* MainMenu.xib in Resources */,
			);
			runOnlyForDeploymentPostprocessing = 0;
		};
		4342FA1319E2D7D200035E04 /* Resources */ = {
			isa = PBXResourcesBuildPhase;
			buildActionMask = 2147483647;
			files = (
			);
			runOnlyForDeploymentPostprocessing = 0;
		};
/* End PBXResourcesBuildPhase section */

/* Begin PBXSourcesBuildPhase section */
		4342F9FE19E2D7D200035E04 /* Sources */ = {
			isa = PBXSourcesBuildPhase;
			buildActionMask = 2147483647;
			files = (
				4342FA0B19E2D7D200035E04 /* AppDelegate.m in Sources */,
				4342FA0819E2D7D200035E04 /* main.m in Sources */,
			);
			runOnlyForDeploymentPostprocessing = 0;
		};
		4342FA1119E2D7D200035E04 /* Sources */ = {
			isa = PBXSourcesBuildPhase;
			buildActionMask = 2147483647;
			files = (
				4342FA1C19E2D7D200035E04 /* FakturyTests.m in Sources */,
			);
			runOnlyForDeploymentPostprocessing = 0;
		};
/* End PBXSourcesBuildPhase section */

/* Begin PBXTargetDependency section */
		4342FA1719E2D7D200035E04 /* PBXTargetDependency */ = {
			isa = PBXTargetDependency;
			target = 4342FA0119E2D7D200035E04 /* Faktury */;
			targetProxy = 4342FA1619E2D7D200035E04 /* PBXContainerItemProxy */;
		};
/* End PBXTargetDependency section */

/* Begin PBXVariantGroup section */
		4342FA0E19E2D7D200035E04 /* MainMenu.xib */ = {
			isa = PBXVariantGroup;
			children = (
				4342FA0F19E2D7D200035E04 /* Base */,
			);
			name = MainMenu.xib;
			sourceTree = "<group>";
		};
/* End PBXVariantGroup section */

/* Begin XCBuildConfiguration section */
		4342FA1D19E2D7D200035E04 /* Debug */ = {
			isa = XCBuildConfiguration;
			buildSettings = {
				ALWAYS_SEARCH_USER_PATHS = NO;
				CLANG_CXX_LANGUAGE_STANDARD = "gnu++0x";
				CLANG_CXX_LIBRARY = "libc++";
				CLANG_ENABLE_MODULES = YES;
				CLANG_ENABLE_OBJC_ARC = YES;
				CLANG_WARN_BOOL_CONVERSION = YES;
				CLANG_WARN_CONSTANT_CONVERSION = YES;
				CLANG_WARN_DIRECT_OBJC_ISA_USAGE = YES_ERROR;
				CLANG_WARN_EMPTY_BODY = YES;
				CLANG_WARN_ENUM_CONVERSION = YES;
				CLANG_WARN_INT_CONVERSION = YES;
				CLANG_WARN_OBJC_ROOT_CLASS = YES_ERROR;
				CLANG_WARN_UNREACHABLE_CODE = YES;
				CLANG_WARN__DUPLICATE_METHOD_MATCH = YES;
				CODE_SIGN_IDENTITY = "-";
				COPY_PHASE_STRIP = NO;
				ENABLE_STRICT_OBJC_MSGSEND = YES;
				GCC_C_LANGUAGE_STANDARD = gnu99;
				GCC_DYNAMIC_NO_PIC = NO;
				GCC_OPTIMIZATION_LEVEL = 0;
				GCC_PREPROCESSOR_DEFINITIONS = (
					"DEBUG=1",
					"$(inherited)",
				);
				GCC_SYMBOLS_PRIVATE_EXTERN = NO;
				GCC_WARN_64_TO_32_BIT_CONVERSION = YES;
				GCC_WARN_ABOUT_RETURN_TYPE = YES_ERROR;
				GCC_WARN_UNDECLARED_SELECTOR = YES;
				GCC_WARN_UNINITIALIZED_AUTOS = YES_AGGRESSIVE;
				GCC_WARN_UNUSED_FUNCTION = YES;
				GCC_WARN_UNUSED_VARIABLE = YES;
				MACOSX_DEPLOYMENT_TARGET = 10.9;
				MTL_ENABLE_DEBUG_INFO = YES;
				ONLY_ACTIVE_ARCH = YES;
				SDKROOT = macosx;
			};
			name = Debug;
		};
		4342FA1E19E2D7D200035E04 /* Release */ = {
			isa = XCBuildConfiguration;
			buildSettings = {
				ALWAYS_SEARCH_USER_PATHS = NO;
				CLANG_CXX_LANGUAGE_STANDARD = "gnu++0x";
				CLANG_CXX_LIBRARY = "libc++";
				CLANG_ENABLE_MODULES = YES;
				CLANG_ENABLE_OBJC_ARC = YES;
				CLANG_WARN_BOOL_CONVERSION = YES;
				CLANG_WARN_CONSTANT_CONVERSION = YES;
				CLANG_WARN_DIRECT_OBJC_ISA_USAGE = YES_ERROR;
				CLANG_WARN_EMPTY_BODY = YES;
				CLANG_WARN_ENUM_CONVERSION = YES;
				CLANG_WARN_INT_CONVERSION = YES;
				CLANG_WARN_OBJC_ROOT_CLASS = YES_ERROR;
				CLANG_WARN_UNREACHABLE_CODE = YES;
				CLANG_WARN__DUPLICATE_METHOD_MATCH = YES;
				CODE_SIGN_IDENTITY = "-";
				COPY_PHASE_STRIP = YES;
				DEBUG_INFORMATION_FORMAT = "dwarf-with-dsym";
				ENABLE_NS_ASSERTIONS = NO;
				ENABLE_STRICT_OBJC_MSGSEND = YES;
				GCC_C_LANGUAGE_STANDARD = gnu99;
				GCC_WARN_64_TO_32_BIT_CONVERSION = YES;
				GCC_WARN_ABOUT_RETURN_TYPE = YES_ERROR;
				GCC_WARN_UNDECLARED_SELECTOR = YES;
				GCC_WARN_UNINITIALIZED_AUTOS = YES_AGGRESSIVE;
				GCC_WARN_UNUSED_FUNCTION = YES;
				GCC_WARN_UNUSED_VARIABLE = YES;
				MACOSX_DEPLOYMENT_TARGET = 10.9;
				MTL_ENABLE_DEBUG_INFO = NO;
				SDKROOT = macosx;
			};
			name = Release;
		};
		4342FA2019E2D7D200035E04 /* Debug */ = {
			isa = XCBuildConfiguration;
			buildSettings = {
				ASSETCATALOG_COMPILER_APPICON_NAME = AppIcon;
				COMBINE_HIDPI_IMAGES = YES;
				INFOPLIST_FILE = Faktury/Info.plist;
				LD_RUNPATH_SEARCH_PATHS = "$(inherited) @executable_path/../Frameworks";
				PRODUCT_NAME = "$(TARGET_NAME)";
			};
			name = Debug;
		};
		4342FA2119E2D7D200035E04 /* Release */ = {
			isa = XCBuildConfiguration;
			buildSettings = {
				ASSETCATALOG_COMPILER_APPICON_NAME = AppIcon;
				COMBINE_HIDPI_IMAGES = YES;
				INFOPLIST_FILE = Faktury/Info.plist;
				LD_RUNPATH_SEARCH_PATHS = "$(inherited) @executable_path/../Frameworks";
				PRODUCT_NAME = "$(TARGET_NAME)";
			};
			name = Release;
		};
		4342FA2319E2D7D200035E04 /* Debug */ = {
			isa = XCBuildConfiguration;
			buildSettings = {
				BUNDLE_LOADER = "$(TEST_HOST)";
				COMBINE_HIDPI_IMAGES = YES;
				FRAMEWORK_SEARCH_PATHS = (
					"$(DEVELOPER_FRAMEWORKS_DIR)",
					"$(inherited)",
				);
				GCC_PREPROCESSOR_DEFINITIONS = (
					"DEBUG=1",
					"$(inherited)",
				);
				INFOPLIST_FILE = FakturyTests/Info.plist;
				LD_RUNPATH_SEARCH_PATHS = "$(inherited) @executable_path/../Frameworks @loader_path/../Frameworks";
				PRODUCT_NAME = "$(TARGET_NAME)";
				TEST_HOST = "$(BUILT_PRODUCTS_DIR)/Faktury.app/Contents/MacOS/Faktury";
			};
			name = Debug;
		};
		4342FA2419E2D7D200035E04 /* Release */ = {
			isa = XCBuildConfiguration;
			buildSettings = {
				BUNDLE_LOADER = "$(TEST_HOST)";
				COMBINE_HIDPI_IMAGES = YES;
				FRAMEWORK_SEARCH_PATHS = (
					"$(DEVELOPER_FRAMEWORKS_DIR)",
					"$(inherited)",
				);
				INFOPLIST_FILE = FakturyTests/Info.plist;
				LD_RUNPATH_SEARCH_PATHS = "$(inherited) @executable_path/../Frameworks @loader_path/../Frameworks";
				PRODUCT_NAME = "$(TARGET_NAME)";
				TEST_HOST = "$(BUILT_PRODUCTS_DIR)/Faktury.app/Contents/MacOS/Faktury";
			};
			name = Release;
		};
/* End XCBuildConfiguration section */

/* Begin XCConfigurationList section */
		4342F9FD19E2D7D200035E04 /* Build configuration list for PBXProject "Faktury" */ = {
			isa = XCConfigurationList;
			buildConfigurations = (
				4342FA1D19E2D7D200035E04 /* Debug */,
				4342FA1E19E2D7D200035E04 /* Release */,
			);
			defaultConfigurationIsVisible = 0;
			defaultConfigurationName = Release;
		};
		4342FA1F19E2D7D200035E04 /* Build configuration list for PBXNativeTarget "Faktury" */ = {
			isa = XCConfigurationList;
			buildConfigurations = (
				4342FA2019E2D7D200035E04 /* Debug */,
				4342FA2119E2D7D200035E04 /* Release */,
			);
			defaultConfigurationIsVisible = 0;
		};
		4342FA2219E2D7D200035E04 /* Build configuration list for PBXNativeTarget "FakturyTests" */ = {
			isa = XCConfigurationList;
			buildConfigurations = (
				4342FA2319E2D7D200035E04 /* Debug */,
				4342FA2419E2D7D200035E04 /* Release */,
			);
			defaultConfigurationIsVisible = 0;
		};
/* End XCConfigurationList section */
	};
	rootObject = 4342F9FA19E2D7D200035E04 /* Project object */;
}
